// !$*UTF8*$!
{
	archiveVersion = 1;
	classes = {
	};
	objectVersion = 46;
	objects = {

/* Begin PBXBuildFile section */
		55036E541A89C0AF00AFDD32 /* AppDelegate.swift in Sources */ = {isa = PBXBuildFile; fileRef = 55036E531A89C0AF00AFDD32 /* AppDelegate.swift */; };
		55036E561A89C0AF00AFDD32 /* ViewController.swift in Sources */ = {isa = PBXBuildFile; fileRef = 55036E551A89C0AF00AFDD32 /* ViewController.swift */; };
		55036E591A89C0AF00AFDD32 /* Main.storyboard in Resources */ = {isa = PBXBuildFile; fileRef = 55036E571A89C0AF00AFDD32 /* Main.storyboard */; };
		55036E5B1A89C0AF00AFDD32 /* Images.xcassets in Resources */ = {isa = PBXBuildFile; fileRef = 55036E5A1A89C0AF00AFDD32 /* Images.xcassets */; };
		55036E5E1A89C0AF00AFDD32 /* LaunchScreen.xib in Resources */ = {isa = PBXBuildFile; fileRef = 55036E5C1A89C0AF00AFDD32 /* LaunchScreen.xib */; };
		55036E6A1A89C0AF00AFDD32 /* Cat_YearsTests.swift in Sources */ = {isa = PBXBuildFile; fileRef = 55036E691A89C0AF00AFDD32 /* Cat_YearsTests.swift */; };
		55036E761A89C28900AFDD32 /* cat2.png in Resources */ = {isa = PBXBuildFile; fileRef = 55036E751A89C28900AFDD32 /* cat2.png */; };
/* End PBXBuildFile section */

/* Begin PBXContainerItemProxy section */
		55036E641A89C0AF00AFDD32 /* PBXContainerItemProxy */ = {
			isa = PBXContainerItemProxy;
			containerPortal = 55036E461A89C0AF00AFDD32 /* Project object */;
			proxyType = 1;
			remoteGlobalIDString = 55036E4D1A89C0AF00AFDD32;
			remoteInfo = "Cat Years";
		};
/* End PBXContainerItemProxy section */

/* Begin PBXFileReference section */
		55036E4E1A89C0AF00AFDD32 /* Cat Years.app */ = {isa = PBXFileReference; explicitFileType = wrapper.application; includeInIndex = 0; path = "Cat Years.app"; sourceTree = BUILT_PRODUCTS_DIR; };
		55036E521A89C0AF00AFDD32 /* Info.plist */ = {isa = PBXFileReference; lastKnownFileType = text.plist.xml; path = Info.plist; sourceTree = "<group>"; };
		55036E531A89C0AF00AFDD32 /* AppDelegate.swift */ = {isa = PBXFileReference; lastKnownFileType = sourcecode.swift; path = AppDelegate.swift; sourceTree = "<group>"; };
		55036E551A89C0AF00AFDD32 /* ViewController.swift */ = {isa = PBXFileReference; lastKnownFileType = sourcecode.swift; path = ViewController.swift; sourceTree = "<group>"; };
		55036E581A89C0AF00AFDD32 /* Base */ = {isa = PBXFileReference; lastKnownFileType = file.storyboard; name = Base; path = Base.lproj/Main.storyboard; sourceTree = "<group>"; };
		55036E5A1A89C0AF00AFDD32 /* Images.xcassets */ = {isa = PBXFileReference; lastKnownFileType = folder.assetcatalog; path = Images.xcassets; sourceTree = "<group>"; };
		55036E5D1A89C0AF00AFDD32 /* Base */ = {isa = PBXFileReference; lastKnownFileType = file.xib; name = Base; path = Base.lproj/LaunchScreen.xib; sourceTree = "<group>"; };
		55036E631A89C0AF00AFDD32 /* Cat YearsTests.xctest */ = {isa = PBXFileReference; explicitFileType = wrapper.cfbundle; includeInIndex = 0; path = "Cat YearsTests.xctest"; sourceTree = BUILT_PRODUCTS_DIR; };
		55036E681A89C0AF00AFDD32 /* Info.plist */ = {isa = PBXFileReference; lastKnownFileType = text.plist.xml; path = Info.plist; sourceTree = "<group>"; };
		55036E691A89C0AF00AFDD32 /* Cat_YearsTests.swift */ = {isa = PBXFileReference; lastKnownFileType = sourcecode.swift; path = Cat_YearsTests.swift; sourceTree = "<group>"; };
		55036E751A89C28900AFDD32 /* cat2.png */ = {isa = PBXFileReference; lastKnownFileType = image.png; path = cat2.png; sourceTree = "<group>"; };
/* End PBXFileReference section */

/* Begin PBXFrameworksBuildPhase section */
		55036E4B1A89C0AF00AFDD32 /* Frameworks */ = {
			isa = PBXFrameworksBuildPhase;
			buildActionMask = 2147483647;
			files = (
			);
			runOnlyForDeploymentPostprocessing = 0;
		};
		55036E601A89C0AF00AFDD32 /* Frameworks */ = {
			isa = PBXFrameworksBuildPhase;
			buildActionMask = 2147483647;
			files = (
			);
			runOnlyForDeploymentPostprocessing = 0;
		};
/* End PBXFrameworksBuildPhase section */

/* Begin PBXGroup section */
		55036E451A89C0AF00AFDD32 = {
			isa = PBXGroup;
			children = (
				55036E501A89C0AF00AFDD32 /* Cat Years */,
				55036E661A89C0AF00AFDD32 /* Cat YearsTests */,
				55036E4F1A89C0AF00AFDD32 /* Products */,
			);
			sourceTree = "<group>";
		};
		55036E4F1A89C0AF00AFDD32 /* Products */ = {
			isa = PBXGroup;
			children = (
				55036E4E1A89C0AF00AFDD32 /* Cat Years.app */,
				55036E631A89C0AF00AFDD32 /* Cat YearsTests.xctest */,
			);
			name = Products;
			sourceTree = "<group>";
		};
		55036E501A89C0AF00AFDD32 /* Cat Years */ = {
			isa = PBXGroup;
			children = (
				55036E531A89C0AF00AFDD32 /* AppDelegate.swift */,
				55036E551A89C0AF00AFDD32 /* ViewController.swift */,
				55036E571A89C0AF00AFDD32 /* Main.storyboard */,
				55036E5A1A89C0AF00AFDD32 /* Images.xcassets */,
				55036E5C1A89C0AF00AFDD32 /* LaunchScreen.xib */,
				55036E751A89C28900AFDD32 /* cat2.png */,
				55036E511A89C0AF00AFDD32 /* Supporting Files */,
			);
			path = "Cat Years";
			sourceTree = "<group>";
		};
		55036E511A89C0AF00AFDD32 /* Supporting Files */ = {
			isa = PBXGroup;
			children = (
				55036E521A89C0AF00AFDD32 /* Info.plist */,
			);
			name = "Supporting Files";
			sourceTree = "<group>";
		};
		55036E661A89C0AF00AFDD32 /* Cat YearsTests */ = {
			isa = PBXGroup;
			children = (
				55036E691A89C0AF00AFDD32 /* Cat_YearsTests.swift */,
				55036E671A89C0AF00AFDD32 /* Supporting Files */,
			);
			path = "Cat YearsTests";
			sourceTree = "<group>";
		};
		55036E671A89C0AF00AFDD32 /* Supporting Files */ = {
			isa = PBXGroup;
			children = (
				55036E681A89C0AF00AFDD32 /* Info.plist */,
			);
			name = "Supporting Files";
			sourceTree = "<group>";
		};
/* End PBXGroup section */

/* Begin PBXNativeTarget section */
		55036E4D1A89C0AF00AFDD32 /* Cat Years */ = {
			isa = PBXNativeTarget;
			buildConfigurationList = 55036E6D1A89C0AF00AFDD32 /* Build configuration list for PBXNativeTarget "Cat Years" */;
			buildPhases = (
				55036E4A1A89C0AF00AFDD32 /* Sources */,
				55036E4B1A89C0AF00AFDD32 /* Frameworks */,
				55036E4C1A89C0AF00AFDD32 /* Resources */,
			);
			buildRules = (
			);
			dependencies = (
			);
			name = "Cat Years";
			productName = "Cat Years";
			productReference = 55036E4E1A89C0AF00AFDD32 /* Cat Years.app */;
			productType = "com.apple.product-type.application";
		};
		55036E621A89C0AF00AFDD32 /* Cat YearsTests */ = {
			isa = PBXNativeTarget;
			buildConfigurationList = 55036E701A89C0AF00AFDD32 /* Build configuration list for PBXNativeTarget "Cat YearsTests" */;
			buildPhases = (
				55036E5F1A89C0AF00AFDD32 /* Sources */,
				55036E601A89C0AF00AFDD32 /* Frameworks */,
				55036E611A89C0AF00AFDD32 /* Resources */,
			);
			buildRules = (
			);
			dependencies = (
				55036E651A89C0AF00AFDD32 /* PBXTargetDependency */,
			);
			name = "Cat YearsTests";
			productName = "Cat YearsTests";
			productReference = 55036E631A89C0AF00AFDD32 /* Cat YearsTests.xctest */;
			productType = "com.apple.product-type.bundle.unit-test";
		};
/* End PBXNativeTarget section */

/* Begin PBXProject section */
		55036E461A89C0AF00AFDD32 /* Project object */ = {
			isa = PBXProject;
			attributes = {
				LastSwiftMigration = 0730;
				LastSwiftUpdateCheck = 0730;
				LastUpgradeCheck = 0610;
				ORGANIZATIONNAME = "Dave Rothschild";
				TargetAttributes = {
					55036E4D1A89C0AF00AFDD32 = {
						CreatedOnToolsVersion = 6.1.1;
					};
					55036E621A89C0AF00AFDD32 = {
						CreatedOnToolsVersion = 6.1.1;
						TestTargetID = 55036E4D1A89C0AF00AFDD32;
					};
				};
			};
			buildConfigurationList = 55036E491A89C0AF00AFDD32 /* Build configuration list for PBXProject "Cat Years" */;
			compatibilityVersion = "Xcode 3.2";
			developmentRegion = English;
			hasScannedForEncodings = 0;
			knownRegions = (
				en,
				Base,
			);
			mainGroup = 55036E451A89C0AF00AFDD32;
			productRefGroup = 55036E4F1A89C0AF00AFDD32 /* Products */;
			projectDirPath = "";
			projectRoot = "";
			targets = (
				55036E4D1A89C0AF00AFDD32 /* Cat Years */,
				55036E621A89C0AF00AFDD32 /* Cat YearsTests */,
			);
		};
/* End PBXProject section */

/* Begin PBXResourcesBuildPhase section */
		55036E4C1A89C0AF00AFDD32 /* Resources */ = {
			isa = PBXResourcesBuildPhase;
			buildActionMask = 2147483647;
			files = (
				55036E591A89C0AF00AFDD32 /* Main.storyboard in Resources */,
				55036E761A89C28900AFDD32 /* cat2.png in Resources */,
				55036E5E1A89C0AF00AFDD32 /* LaunchScreen.xib in Resources */,
				55036E5B1A89C0AF00AFDD32 /* Images.xcassets in Resources */,
			);
			runOnlyForDeploymentPostprocessing = 0;
		};
		55036E611A89C0AF00AFDD32 /* Resources */ = {
			isa = PBXResourcesBuildPhase;
			buildActionMask = 2147483647;
			files = (
			);
			runOnlyForDeploymentPostprocessing = 0;
		};
/* End PBXResourcesBuildPhase section */

/* Begin PBXSourcesBuildPhase section */
		55036E4A1A89C0AF00AFDD32 /* Sources */ = {
			isa = PBXSourcesBuildPhase;
			buildActionMask = 2147483647;
			files = (
				55036E561A89C0AF00AFDD32 /* ViewController.swift in Sources */,
				55036E541A89C0AF00AFDD32 /* AppDelegate.swift in Sources */,
			);
			runOnlyForDeploymentPostprocessing = 0;
		};
		55036E5F1A89C0AF00AFDD32 /* Sources */ = {
			isa = PBXSourcesBuildPhase;
			buildActionMask = 2147483647;
			files = (
				55036E6A1A89C0AF00AFDD32 /* Cat_YearsTests.swift in Sources */,
			);
			runOnlyForDeploymentPostprocessing = 0;
		};
/* End PBXSourcesBuildPhase section */

/* Begin PBXTargetDependency section */
		55036E651A89C0AF00AFDD32 /* PBXTargetDependency */ = {
			isa = PBXTargetDependency;
			target = 55036E4D1A89C0AF00AFDD32 /* Cat Years */;
			targetProxy = 55036E641A89C0AF00AFDD32 /* PBXContainerItemProxy */;
		};
/* End PBXTargetDependency section */

/* Begin PBXVariantGroup section */
		55036E571A89C0AF00AFDD32 /* Main.storyboard */ = {
			isa = PBXVariantGroup;
			children = (
				55036E581A89C0AF00AFDD32 /* Base */,
			);
			name = Main.storyboard;
			sourceTree = "<group>";
		};
		55036E5C1A89C0AF00AFDD32 /* LaunchScreen.xib */ = {
			isa = PBXVariantGroup;
			children = (
				55036E5D1A89C0AF00AFDD32 /* Base */,
			);
			name = LaunchScreen.xib;
			sourceTree = "<group>";
		};
/* End PBXVariantGroup section */

/* Begin XCBuildConfiguration section */
		55036E6B1A89C0AF00AFDD32 /* Debug */ = {
			isa = XCBuildConfiguration;
			buildSettings = {
				ALWAYS_SEARCH_USER_PATHS = NO;
				CLANG_CXX_LANGUAGE_STANDARD = "gnu++0x";
				CLANG_CXX_LIBRARY = "libc++";
				CLANG_ENABLE_MODULES = YES;
				CLANG_ENABLE_OBJC_ARC = YES;
				CLANG_WARN_BOOL_CONVERSION = YES;
				CLANG_WARN_CONSTANT_CONVERSION = YES;
				CLANG_WARN_DIRECT_OBJC_ISA_USAGE = YES_ERROR;
				CLANG_WARN_EMPTY_BODY = YES;
				CLANG_WARN_ENUM_CONVERSION = YES;
				CLANG_WARN_INT_CONVERSION = YES;
				CLANG_WARN_OBJC_ROOT_CLASS = YES_ERROR;
				CLANG_WARN_UNREACHABLE_CODE = YES;
				CLANG_WARN__DUPLICATE_METHOD_MATCH = YES;
				"CODE_SIGN_IDENTITY[sdk=iphoneos*]" = "iPhone Developer";
				COPY_PHASE_STRIP = NO;
				ENABLE_STRICT_OBJC_MSGSEND = YES;
				GCC_C_LANGUAGE_STANDARD = gnu99;
				GCC_DYNAMIC_NO_PIC = NO;
				GCC_OPTIMIZATION_LEVEL = 0;
				GCC_PREPROCESSOR_DEFINITIONS = (
					"DEBUG=1",
					"$(inherited)",
				);
				GCC_SYMBOLS_PRIVATE_EXTERN = NO;
				GCC_WARN_64_TO_32_BIT_CONVERSION = YES;
				GCC_WARN_ABOUT_RETURN_TYPE = YES_ERROR;
				GCC_WARN_UNDECLARED_SELECTOR = YES;
				GCC_WARN_UNINITIALIZED_AUTOS = YES_AGGRESSIVE;
				GCC_WARN_UNUSED_FUNCTION = YES;
				GCC_WARN_UNUSED_VARIABLE = YES;
				IPHONEOS_DEPLOYMENT_TARGET = 8.1;
				MTL_ENABLE_DEBUG_INFO = YES;
				ONLY_ACTIVE_ARCH = YES;
				SDKROOT = iphoneos;
				SWIFT_OPTIMIZATION_LEVEL = "-Onone";
			};
			name = Debug;
		};
		55036E6C1A89C0AF00AFDD32 /* Release */ = {
			isa = XCBuildConfiguration;
			buildSettings = {
				ALWAYS_SEARCH_USER_PATHS = NO;
				CLANG_CXX_LANGUAGE_STANDARD = "gnu++0x";
				CLANG_CXX_LIBRARY = "libc++";
				CLANG_ENABLE_MODULES = YES;
				CLANG_ENABLE_OBJC_ARC = YES;
				CLANG_WARN_BOOL_CONVERSION = YES;
				CLANG_WARN_CONSTANT_CONVERSION = YES;
				CLANG_WARN_DIRECT_OBJC_ISA_USAGE = YES_ERROR;
				CLANG_WARN_EMPTY_BODY = YES;
				CLANG_WARN_ENUM_CONVERSION = YES;
				CLANG_WARN_INT_CONVERSION = YES;
				CLANG_WARN_OBJC_ROOT_CLASS = YES_ERROR;
				CLANG_WARN_UNREACHABLE_CODE = YES;
				CLANG_WARN__DUPLICATE_METHOD_MATCH = YES;
				"CODE_SIGN_IDENTITY[sdk=iphoneos*]" = "iPhone Developer";
				COPY_PHASE_STRIP = YES;
				ENABLE_NS_ASSERTIONS = NO;
				ENABLE_STRICT_OBJC_MSGSEND = YES;
				GCC_C_LANGUAGE_STANDARD = gnu99;
				GCC_WARN_64_TO_32_BIT_CONVERSION = YES;
				GCC_WARN_ABOUT_RETURN_TYPE = YES_ERROR;
				GCC_WARN_UNDECLARED_SELECTOR = YES;
				GCC_WARN_UNINITIALIZED_AUTOS = YES_AGGRESSIVE;
				GCC_WARN_UNUSED_FUNCTION = YES;
				GCC_WARN_UNUSED_VARIABLE = YES;
				IPHONEOS_DEPLOYMENT_TARGET = 8.1;
				MTL_ENABLE_DEBUG_INFO = NO;
				SDKROOT = iphoneos;
				VALIDATE_PRODUCT = YES;
			};
			name = Release;
		};
		55036E6E1A89C0AF00AFDD32 /* Debug */ = {
			isa = XCBuildConfiguration;
			buildSettings = {
				ASSETCATALOG_COMPILER_APPICON_NAME = AppIcon;
				INFOPLIST_FILE = "Cat Years/Info.plist";
				LD_RUNPATH_SEARCH_PATHS = "$(inherited) @executable_path/Frameworks";
				PRODUCT_NAME = "$(TARGET_NAME)";
			};
			name = Debug;
		};
		55036E6F1A89C0AF00AFDD32 /* Release */ = {
			isa = XCBuildConfiguration;
			buildSettings = {
				ASSETCATALOG_COMPILER_APPICON_NAME = AppIcon;
				INFOPLIST_FILE = "Cat Years/Info.plist";
				LD_RUNPATH_SEARCH_PATHS = "$(inherited) @executable_path/Frameworks";
				PRODUCT_NAME = "$(TARGET_NAME)";
			};
			name = Release;
		};
		55036E711A89C0AF00AFDD32 /* Debug */ = {
			isa = XCBuildConfiguration;
			buildSettings = {
				BUNDLE_LOADER = "$(TEST_HOST)";
				FRAMEWORK_SEARCH_PATHS = (
					"$(SDKROOT)/Developer/Library/Frameworks",
					"$(inherited)",
				);
				GCC_PREPROCESSOR_DEFINITIONS = (
					"DEBUG=1",
					"$(inherited)",
				);
				INFOPLIST_FILE = "Cat YearsTests/Info.plist";
				LD_RUNPATH_SEARCH_PATHS = "$(inherited) @executable_path/Frameworks @loader_path/Frameworks";
				PRODUCT_NAME = "$(TARGET_NAME)";
				TEST_HOST = "$(BUILT_PRODUCTS_DIR)/Cat Years.app/Cat Years";
			};
			name = Debug;
		};
		55036E721A89C0AF00AFDD32 /* Release */ = {
			isa = XCBuildConfiguration;
			buildSettings = {
				BUNDLE_LOADER = "$(TEST_HOST)";
				FRAMEWORK_SEARCH_PATHS = (
					"$(SDKROOT)/Developer/Library/Frameworks",
					"$(inherited)",
				);
				INFOPLIST_FILE = "Cat YearsTests/Info.plist";
				LD_RUNPATH_SEARCH_PATHS = "$(inherited) @executable_path/Frameworks @loader_path/Frameworks";
				PRODUCT_NAME = "$(TARGET_NAME)";
				TEST_HOST = "$(BUILT_PRODUCTS_DIR)/Cat Years.app/Cat Years";
			};
			name = Release;
		};
/* End XCBuildConfiguration section */

/* Begin XCConfigurationList section */
		55036E491A89C0AF00AFDD32 /* Build configuration list for PBXProject "Cat Years" */ = {
			isa = XCConfigurationList;
			buildConfigurations = (
				55036E6B1A89C0AF00AFDD32 /* Debug */,
				55036E6C1A89C0AF00AFDD32 /* Release */,
			);
			defaultConfigurationIsVisible = 0;
			defaultConfigurationName = Release;
		};
		55036E6D1A89C0AF00AFDD32 /* Build configuration list for PBXNativeTarget "Cat Years" */ = {
			isa = XCConfigurationList;
			buildConfigurations = (
				55036E6E1A89C0AF00AFDD32 /* Debug */,
				55036E6F1A89C0AF00AFDD32 /* Release */,
			);
			defaultConfigurationIsVisible = 0;
			defaultConfigurationName = Release;
		};
		55036E701A89C0AF00AFDD32 /* Build configuration list for PBXNativeTarget "Cat YearsTests" */ = {
			isa = XCConfigurationList;
			buildConfigurations = (
				55036E711A89C0AF00AFDD32 /* Debug */,
				55036E721A89C0AF00AFDD32 /* Release */,
			);
			defaultConfigurationIsVisible = 0;
			defaultConfigurationName = Release;
		};
/* End XCConfigurationList section */
	};
	rootObject = 55036E461A89C0AF00AFDD32 /* Project object */;
}
